
Microsoft Visual Studio Solution File, Format Version 11.00
# Visual Studio 2010
Project("{FAE04EC0-301F-11D3-BF4B-00C04F79EFBC}") = "MultiFileProject", "MultiFileProject\MultiFileProject.csproj", "{093F67D3-3F0E-4FA2-93D8-EBF9B89967BF}"
EndProject
Global
	GlobalSection(SolutionConfigurationPlatforms) = preSolution
		Debug|x86 = Debug|x86
		Release|x86 = Release|x86
	EndGlobalSection
	GlobalSection(ProjectConfigurationPlatforms) = postSolution
		{093F67D3-3F0E-4FA2-93D8-EBF9B89967BF}.Debug|x86.ActiveCfg = Debug|x86
		{093F67D3-3F0E-4FA2-93D8-EBF9B89967BF}.Debug|x86.Build.0 = Debug|x86
		{093F67D3-3F0E-4FA2-93D8-EBF9B89967BF}.Release|x86.ActiveCfg = Release|x86
		{093F67D3-3F0E-4FA2-93D8-EBF9B89967BF}.Release|x86.Build.0 = Release|x86
	EndGlobalSection
	GlobalSection(MonoDevelopProperties) = preSolution
		StartupItem = MultiFileProject\MultiFileProject.csproj
	EndGlobalSection
EndGlobal
